
Microsoft Visual Studio Solution File, Format Version 12.00
# Visual Studio Version 17
VisualStudioVersion = 17.3.32922.545
MinimumVisualStudioVersion = 10.0.40219.1
Project("{FAE04EC0-301F-11D3-BF4B-00C04F79EFBC}") = "brrt brrt 3", "brrt brrt 3\brrt brrt 3.csproj", "{9C8CC3B2-6030-4FB8-8724-DE44339FBBAD}"
EndProject
Global
	GlobalSection(SolutionConfigurationPlatforms) = preSolution
		Debug|Any CPU = Debug|Any CPU
		Release|Any CPU = Release|Any CPU
	EndGlobalSection
	GlobalSection(ProjectConfigurationPlatforms) = postSolution
		{9C8CC3B2-6030-4FB8-8724-DE44339FBBAD}.Debug|Any CPU.ActiveCfg = Debug|Any CPU
		{9C8CC3B2-6030-4FB8-8724-DE44339FBBAD}.Debug|Any CPU.Build.0 = Debug|Any CPU
		{9C8CC3B2-6030-4FB8-8724-DE44339FBBAD}.Release|Any CPU.ActiveCfg = Release|Any CPU
		{9C8CC3B2-6030-4FB8-8724-DE44339FBBAD}.Release|Any CPU.Build.0 = Release|Any CPU
	EndGlobalSection
	GlobalSection(SolutionProperties) = preSolution
		HideSolutionNode = FALSE
	EndGlobalSection
	GlobalSection(ExtensibilityGlobals) = postSolution
		SolutionGuid = {CCC7F4AC-D45D-490D-A3B7-B57DBEDD3F52}
	EndGlobalSection
EndGlobal
